{
  "name": "puzzle6",
  "version": "1.0.0",
  "lockfileVersion": 1,
  "requires": true,
  "dependencies": {
    "@types/node": {
      "version": "12.20.39",
      "resolved": "https://extend-159581800400.d.codeartifact.us-east-1.amazonaws.com:443/npm/extend-npm/@types/node/-/node-12.20.39.tgz",
      "integrity": "sha512-U7PMwkDmc3bnL0e4U8oA0POpi1vfsYDc+DEUS2+rPxm9NlLcW1dBa5JcRhO633PoPUcCSWMNXrMsqhmAVEo+IQ==",
      "dev": true
    },
    "typescript": {
      "version": "4.5.4",
      "resolved": "https://extend-159581800400.d.codeartifact.us-east-1.amazonaws.com:443/npm/extend-npm/typescript/-/typescript-4.5.4.tgz",
      "integrity": "sha512-VgYs2A2QIRuGphtzFV7aQJduJ2gyfTljngLzjpfW9FoYZF6xuw1W0vW9ghCKLfcWrCFxK81CSGRAvS1pn4fIUg==",
      "dev": true
    }
  }
}
